// !$*UTF8*$!
{
	archiveVersion = 1;
	classes = {
	};
	objectVersion = 77;
	objects = {

/* Begin PBXContainerItemProxy section */
		79A911532D60675400A250C5 /* PBXContainerItemProxy */ = {
			isa = PBXContainerItemProxy;
			containerPortal = 79A911342D60675300A250C5 /* Project object */;
			proxyType = 1;
			remoteGlobalIDString = 79A9113B2D60675300A250C5;
			remoteInfo = HIGHTHON;
		};
		79A9115D2D60675400A250C5 /* PBXContainerItemProxy */ = {
			isa = PBXContainerItemProxy;
			containerPortal = 79A911342D60675300A250C5 /* Project object */;
			proxyType = 1;
			remoteGlobalIDString = 79A9113B2D60675300A250C5;
			remoteInfo = HIGHTHON;
		};
/* End PBXContainerItemProxy section */

/* Begin PBXFileReference section */
		79A9113C2D60675300A250C5 /* HIGHTHON.app */ = {isa = PBXFileReference; explicitFileType = wrapper.application; includeInIndex = 0; path = HIGHTHON.app; sourceTree = BUILT_PRODUCTS_DIR; };
		79A911522D60675400A250C5 /* HIGHTHONTests.xctest */ = {isa = PBXFileReference; explicitFileType = wrapper.cfbundle; includeInIndex = 0; path = HIGHTHONTests.xctest; sourceTree = BUILT_PRODUCTS_DIR; };
		79A9115C2D60675400A250C5 /* HIGHTHONUITests.xctest */ = {isa = PBXFileReference; explicitFileType = wrapper.cfbundle; includeInIndex = 0; path = HIGHTHONUITests.xctest; sourceTree = BUILT_PRODUCTS_DIR; };
/* End PBXFileReference section */

/* Begin PBXFileSystemSynchronizedBuildFileExceptionSet section */
		79A911642D60675400A250C5 /* Exceptions for "HIGHTHON" folder in "HIGHTHON" target */ = {
			isa = PBXFileSystemSynchronizedBuildFileExceptionSet;
			membershipExceptions = (
				Info.plist,
			);
			target = 79A9113B2D60675300A250C5 /* HIGHTHON */;
		};
/* End PBXFileSystemSynchronizedBuildFileExceptionSet section */

/* Begin PBXFileSystemSynchronizedRootGroup section */
		79A9113E2D60675300A250C5 /* HIGHTHON */ = {
			isa = PBXFileSystemSynchronizedRootGroup;
			exceptions = (
				79A911642D60675400A250C5 /* Exceptions for "HIGHTHON" folder in "HIGHTHON" target */,
			);
			path = HIGHTHON;
			sourceTree = "<group>";
		};
		79A911552D60675400A250C5 /* HIGHTHONTests */ = {
			isa = PBXFileSystemSynchronizedRootGroup;
			path = HIGHTHONTests;
			sourceTree = "<group>";
		};
		79A9115F2D60675400A250C5 /* HIGHTHONUITests */ = {
			isa = PBXFileSystemSynchronizedRootGroup;
			path = HIGHTHONUITests;
			sourceTree = "<group>";
		};
/* End PBXFileSystemSynchronizedRootGroup section */

/* Begin PBXFrameworksBuildPhase section */
		79A911392D60675300A250C5 /* Frameworks */ = {
			isa = PBXFrameworksBuildPhase;
			buildActionMask = 2147483647;
			files = (
			);
			runOnlyForDeploymentPostprocessing = 0;
		};
		79A9114F2D60675400A250C5 /* Frameworks */ = {
			isa = PBXFrameworksBuildPhase;
			buildActionMask = 2147483647;
			files = (
			);
			runOnlyForDeploymentPostprocessing = 0;
		};
		79A911592D60675400A250C5 /* Frameworks */ = {
			isa = PBXFrameworksBuildPhase;
			buildActionMask = 2147483647;
			files = (
			);
			runOnlyForDeploymentPostprocessing = 0;
		};
/* End PBXFrameworksBuildPhase section */

/* Begin PBXGroup section */
		79A911332D60675300A250C5 = {
			isa = PBXGroup;
			children = (
				79A9113E2D60675300A250C5 /* HIGHTHON */,
				79A911552D60675400A250C5 /* HIGHTHONTests */,
				79A9115F2D60675400A250C5 /* HIGHTHONUITests */,
				79A9113D2D60675300A250C5 /* Products */,
			);
			sourceTree = "<group>";
		};
		79A9113D2D60675300A250C5 /* Products */ = {
			isa = PBXGroup;
			children = (
				79A9113C2D60675300A250C5 /* HIGHTHON.app */,
				79A911522D60675400A250C5 /* HIGHTHONTests.xctest */,
				79A9115C2D60675400A250C5 /* HIGHTHONUITests.xctest */,
			);
			name = Products;
			sourceTree = "<group>";
		};
/* End PBXGroup section */

/* Begin PBXNativeTarget section */
		79A9113B2D60675300A250C5 /* HIGHTHON */ = {
			isa = PBXNativeTarget;
			buildConfigurationList = 79A911652D60675400A250C5 /* Build configuration list for PBXNativeTarget "HIGHTHON" */;
			buildPhases = (
				79A911382D60675300A250C5 /* Sources */,
				79A911392D60675300A250C5 /* Frameworks */,
				79A9113A2D60675300A250C5 /* Resources */,
			);
			buildRules = (
			);
			dependencies = (
			);
			fileSystemSynchronizedGroups = (
				79A9113E2D60675300A250C5 /* HIGHTHON */,
			);
			name = HIGHTHON;
			packageProductDependencies = (
			);
			productName = HIGHTHON;
			productReference = 79A9113C2D60675300A250C5 /* HIGHTHON.app */;
			productType = "com.apple.product-type.application";
		};
		79A911512D60675400A250C5 /* HIGHTHONTests */ = {
			isa = PBXNativeTarget;
			buildConfigurationList = 79A9116A2D60675400A250C5 /* Build configuration list for PBXNativeTarget "HIGHTHONTests" */;
			buildPhases = (
				79A9114E2D60675400A250C5 /* Sources */,
				79A9114F2D60675400A250C5 /* Frameworks */,
				79A911502D60675400A250C5 /* Resources */,
			);
			buildRules = (
			);
			dependencies = (
				79A911542D60675400A250C5 /* PBXTargetDependency */,
			);
			fileSystemSynchronizedGroups = (
				79A911552D60675400A250C5 /* HIGHTHONTests */,
			);
			name = HIGHTHONTests;
			packageProductDependencies = (
			);
			productName = HIGHTHONTests;
			productReference = 79A911522D60675400A250C5 /* HIGHTHONTests.xctest */;
			productType = "com.apple.product-type.bundle.unit-test";
		};
		79A9115B2D60675400A250C5 /* HIGHTHONUITests */ = {
			isa = PBXNativeTarget;
			buildConfigurationList = 79A9116D2D60675400A250C5 /* Build configuration list for PBXNativeTarget "HIGHTHONUITests" */;
			buildPhases = (
				79A911582D60675400A250C5 /* Sources */,
				79A911592D60675400A250C5 /* Frameworks */,
				79A9115A2D60675400A250C5 /* Resources */,
			);
			buildRules = (
			);
			dependencies = (
				79A9115E2D60675400A250C5 /* PBXTargetDependency */,
			);
			fileSystemSynchronizedGroups = (
				79A9115F2D60675400A250C5 /* HIGHTHONUITests */,
			);
			name = HIGHTHONUITests;
			packageProductDependencies = (
			);
			productName = HIGHTHONUITests;
			productReference = 79A9115C2D60675400A250C5 /* HIGHTHONUITests.xctest */;
			productType = "com.apple.product-type.bundle.ui-testing";
		};
/* End PBXNativeTarget section */

/* Begin PBXProject section */
		79A911342D60675300A250C5 /* Project object */ = {
			isa = PBXProject;
			attributes = {
				BuildIndependentTargetsInParallel = 1;
				LastSwiftUpdateCheck = 1620;
				LastUpgradeCheck = 1620;
				TargetAttributes = {
					79A9113B2D60675300A250C5 = {
						CreatedOnToolsVersion = 16.2;
					};
					79A911512D60675400A250C5 = {
						CreatedOnToolsVersion = 16.2;
						TestTargetID = 79A9113B2D60675300A250C5;
					};
					79A9115B2D60675400A250C5 = {
						CreatedOnToolsVersion = 16.2;
						TestTargetID = 79A9113B2D60675300A250C5;
					};
				};
			};
			buildConfigurationList = 79A911372D60675300A250C5 /* Build configuration list for PBXProject "HIGHTHON" */;
			developmentRegion = en;
			hasScannedForEncodings = 0;
			knownRegions = (
				en,
				Base,
			);
			mainGroup = 79A911332D60675300A250C5;
			minimizedProjectReferenceProxies = 1;
			preferredProjectObjectVersion = 77;
			productRefGroup = 79A9113D2D60675300A250C5 /* Products */;
			projectDirPath = "";
			projectRoot = "";
			targets = (
				79A9113B2D60675300A250C5 /* HIGHTHON */,
				79A911512D60675400A250C5 /* HIGHTHONTests */,
				79A9115B2D60675400A250C5 /* HIGHTHONUITests */,
			);
		};
/* End PBXProject section */

/* Begin PBXResourcesBuildPhase section */
		79A9113A2D60675300A250C5 /* Resources */ = {
			isa = PBXResourcesBuildPhase;
			buildActionMask = 2147483647;
			files = (
			);
			runOnlyForDeploymentPostprocessing = 0;
		};
		79A911502D60675400A250C5 /* Resources */ = {
			isa = PBXResourcesBuildPhase;
			buildActionMask = 2147483647;
			files = (
			);
			runOnlyForDeploymentPostprocessing = 0;
		};
		79A9115A2D60675400A250C5 /* Resources */ = {
			isa = PBXResourcesBuildPhase;
			buildActionMask = 2147483647;
			files = (
			);
			runOnlyForDeploymentPostprocessing = 0;
		};
/* End PBXResourcesBuildPhase section */

/* Begin PBXSourcesBuildPhase section */
		79A911382D60675300A250C5 /* Sources */ = {
			isa = PBXSourcesBuildPhase;
			buildActionMask = 2147483647;
			files = (
			);
			runOnlyForDeploymentPostprocessing = 0;
		};
		79A9114E2D60675400A250C5 /* Sources */ = {
			isa = PBXSourcesBuildPhase;
			buildActionMask = 2147483647;
			files = (
			);
			runOnlyForDeploymentPostprocessing = 0;
		};
		79A911582D60675400A250C5 /* Sources */ = {
			isa = PBXSourcesBuildPhase;
			buildActionMask = 2147483647;
			files = (
			);
			runOnlyForDeploymentPostprocessing = 0;
		};
/* End PBXSourcesBuildPhase section */

/* Begin PBXTargetDependency section */
		79A911542D60675400A250C5 /* PBXTargetDependency */ = {
			isa = PBXTargetDependency;
			target = 79A9113B2D60675300A250C5 /* HIGHTHON */;
			targetProxy = 79A911532D60675400A250C5 /* PBXContainerItemProxy */;
		};
		79A9115E2D60675400A250C5 /* PBXTargetDependency */ = {
			isa = PBXTargetDependency;
			target = 79A9113B2D60675300A250C5 /* HIGHTHON */;
			targetProxy = 79A9115D2D60675400A250C5 /* PBXContainerItemProxy */;
		};
/* End PBXTargetDependency section */

/* Begin XCBuildConfiguration section */
		79A911662D60675400A250C5 /* Debug */ = {
			isa = XCBuildConfiguration;
			buildSettings = {
				ASSETCATALOG_COMPILER_APPICON_NAME = AppIcon;
				ASSETCATALOG_COMPILER_GLOBAL_ACCENT_COLOR_NAME = AccentColor;
				CODE_SIGN_STYLE = Automatic;
				CURRENT_PROJECT_VERSION = 1;
				DEVELOPMENT_TEAM = H4HBJAYTB7;
				GENERATE_INFOPLIST_FILE = YES;
				INFOPLIST_FILE = HIGHTHON/Info.plist;
				INFOPLIST_KEY_UIApplicationSupportsIndirectInputEvents = YES;
				INFOPLIST_KEY_UILaunchStoryboardName = LaunchScreen;
				INFOPLIST_KEY_UIMainStoryboardFile = Main;
				INFOPLIST_KEY_UISupportedInterfaceOrientations_iPad = "UIInterfaceOrientationPortrait UIInterfaceOrientationPortraitUpsideDown UIInterfaceOrientationLandscapeLeft UIInterfaceOrientationLandscapeRight";
				INFOPLIST_KEY_UISupportedInterfaceOrientations_iPhone = "UIInterfaceOrientationPortrait UIInterfaceOrientationLandscapeLeft UIInterfaceOrientationLandscapeRight";
				LD_RUNPATH_SEARCH_PATHS = (
					"$(inherited)",
					"@executable_path/Frameworks",
				);
				MARKETING_VERSION = 1.0;
				PRODUCT_BUNDLE_IDENTIFIER = com.HIGHTHON;
				PRODUCT_NAME = "$(TARGET_NAME)";
				SWIFT_EMIT_LOC_STRINGS = YES;
				SWIFT_VERSION = 5.0;
				TARGETED_DEVICE_FAMILY = "1,2";
			};
			name = Debug;
		};
		79A911672D60675400A250C5 /* Release */ = {
			isa = XCBuildConfiguration;
			buildSettings = {
				ASSETCATALOG_COMPILER_APPICON_NAME = AppIcon;
				ASSETCATALOG_COMPILER_GLOBAL_ACCENT_COLOR_NAME = AccentColor;
				CODE_SIGN_STYLE = Automatic;
				CURRENT_PROJECT_VERSION = 1;
				DEVELOPMENT_TEAM = H4HBJAYTB7;
				GENERATE_INFOPLIST_FILE = YES;
				INFOPLIST_FILE = HIGHTHON/Info.plist;
				INFOPLIST_KEY_UIApplicationSupportsIndirectInputEvents = YES;
				INFOPLIST_KEY_UILaunchStoryboardName = LaunchScreen;
				INFOPLIST_KEY_UIMainStoryboardFile = Main;
				INFOPLIST_KEY_UISupportedInterfaceOrientations_iPad = "UIInterfaceOrientationPortrait UIInterfaceOrientationPortraitUpsideDown UIInterfaceOrientationLandscapeLeft UIInterfaceOrientationLandscapeRight";
				INFOPLIST_KEY_UISupportedInterfaceOrientations_iPhone = "UIInterfaceOrientationPortrait UIInterfaceOrientationLandscapeLeft UIInterfaceOrientationLandscapeRight";
				LD_RUNPATH_SEARCH_PATHS = (
					"$(inherited)",
					"@executable_path/Frameworks",
				);
				MARKETING_VERSION = 1.0;
				PRODUCT_BUNDLE_IDENTIFIER = com.HIGHTHON;
				PRODUCT_NAME = "$(TARGET_NAME)";
				SWIFT_EMIT_LOC_STRINGS = YES;
				SWIFT_VERSION = 5.0;
				TARGETED_DEVICE_FAMILY = "1,2";
			};
			name = Release;
		};
		79A911682D60675400A250C5 /* Debug */ = {
			isa = XCBuildConfiguration;
			buildSettings = {
				ALWAYS_SEARCH_USER_PATHS = NO;
				ASSETCATALOG_COMPILER_GENERATE_SWIFT_ASSET_SYMBOL_EXTENSIONS = YES;
				CLANG_ANALYZER_NONNULL = YES;
				CLANG_ANALYZER_NUMBER_OBJECT_CONVERSION = YES_AGGRESSIVE;
				CLANG_CXX_LANGUAGE_STANDARD = "gnu++20";
				CLANG_ENABLE_MODULES = YES;
				CLANG_ENABLE_OBJC_ARC = YES;
				CLANG_ENABLE_OBJC_WEAK = YES;
				CLANG_WARN_BLOCK_CAPTURE_AUTORELEASING = YES;
				CLANG_WARN_BOOL_CONVERSION = YES;
				CLANG_WARN_COMMA = YES;
				CLANG_WARN_CONSTANT_CONVERSION = YES;
				CLANG_WARN_DEPRECATED_OBJC_IMPLEMENTATIONS = YES;
				CLANG_WARN_DIRECT_OBJC_ISA_USAGE = YES_ERROR;
				CLANG_WARN_DOCUMENTATION_COMMENTS = YES;
				CLANG_WARN_EMPTY_BODY = YES;
				CLANG_WARN_ENUM_CONVERSION = YES;
				CLANG_WARN_INFINITE_RECURSION = YES;
				CLANG_WARN_INT_CONVERSION = YES;
				CLANG_WARN_NON_LITERAL_NULL_CONVERSION = YES;
				CLANG_WARN_OBJC_IMPLICIT_RETAIN_SELF = YES;
				CLANG_WARN_OBJC_LITERAL_CONVERSION = YES;
				CLANG_WARN_OBJC_ROOT_CLASS = YES_ERROR;
				CLANG_WARN_QUOTED_INCLUDE_IN_FRAMEWORK_HEADER = YES;
				CLANG_WARN_RANGE_LOOP_ANALYSIS = YES;
				CLANG_WARN_STRICT_PROTOTYPES = YES;
				CLANG_WARN_SUSPICIOUS_MOVE = YES;
				CLANG_WARN_UNGUARDED_AVAILABILITY = YES_AGGRESSIVE;
				CLANG_WARN_UNREACHABLE_CODE = YES;
				CLANG_WARN__DUPLICATE_METHOD_MATCH = YES;
				COPY_PHASE_STRIP = NO;
				DEBUG_INFORMATION_FORMAT = dwarf;
				ENABLE_STRICT_OBJC_MSGSEND = YES;
				ENABLE_TESTABILITY = YES;
				ENABLE_USER_SCRIPT_SANDBOXING = YES;
				GCC_C_LANGUAGE_STANDARD = gnu17;
				GCC_DYNAMIC_NO_PIC = NO;
				GCC_NO_COMMON_BLOCKS = YES;
				GCC_OPTIMIZATION_LEVEL = 0;
				GCC_PREPROCESSOR_DEFINITIONS = (
					"DEBUG=1",
					"$(inherited)",
				);
				GCC_WARN_64_TO_32_BIT_CONVERSION = YES;
				GCC_WARN_ABOUT_RETURN_TYPE = YES_ERROR;
				GCC_WARN_UNDECLARED_SELECTOR = YES;
				GCC_WARN_UNINITIALIZED_AUTOS = YES_AGGRESSIVE;
				GCC_WARN_UNUSED_FUNCTION = YES;
				GCC_WARN_UNUSED_VARIABLE = YES;
				IPHONEOS_DEPLOYMENT_TARGET = 18.2;
				LOCALIZATION_PREFERS_STRING_CATALOGS = YES;
				MTL_ENABLE_DEBUG_INFO = INCLUDE_SOURCE;
				MTL_FAST_MATH = YES;
				ONLY_ACTIVE_ARCH = YES;
				SDKROOT = iphoneos;
				SWIFT_ACTIVE_COMPILATION_CONDITIONS = "DEBUG $(inherited)";
				SWIFT_OPTIMIZATION_LEVEL = "-Onone";
			};
			name = Debug;
		};
		79A911692D60675400A250C5 /* Release */ = {
			isa = XCBuildConfiguration;
			buildSettings = {
				ALWAYS_SEARCH_USER_PATHS = NO;
				ASSETCATALOG_COMPILER_GENERATE_SWIFT_ASSET_SYMBOL_EXTENSIONS = YES;
				CLANG_ANALYZER_NONNULL = YES;
				CLANG_ANALYZER_NUMBER_OBJECT_CONVERSION = YES_AGGRESSIVE;
				CLANG_CXX_LANGUAGE_STANDARD = "gnu++20";
				CLANG_ENABLE_MODULES = YES;
				CLANG_ENABLE_OBJC_ARC = YES;
				CLANG_ENABLE_OBJC_WEAK = YES;
				CLANG_WARN_BLOCK_CAPTURE_AUTORELEASING = YES;
				CLANG_WARN_BOOL_CONVERSION = YES;
				CLANG_WARN_COMMA = YES;
				CLANG_WARN_CONSTANT_CONVERSION = YES;
				CLANG_WARN_DEPRECATED_OBJC_IMPLEMENTATIONS = YES;
				CLANG_WARN_DIRECT_OBJC_ISA_USAGE = YES_ERROR;
				CLANG_WARN_DOCUMENTATION_COMMENTS = YES;
				CLANG_WARN_EMPTY_BODY = YES;
				CLANG_WARN_ENUM_CONVERSION = YES;
				CLANG_WARN_INFINITE_RECURSION = YES;
				CLANG_WARN_INT_CONVERSION = YES;
				CLANG_WARN_NON_LITERAL_NULL_CONVERSION = YES;
				CLANG_WARN_OBJC_IMPLICIT_RETAIN_SELF = YES;
				CLANG_WARN_OBJC_LITERAL_CONVERSION = YES;
				CLANG_WARN_OBJC_ROOT_CLASS = YES_ERROR;
				CLANG_WARN_QUOTED_INCLUDE_IN_FRAMEWORK_HEADER = YES;
				CLANG_WARN_RANGE_LOOP_ANALYSIS = YES;
				CLANG_WARN_STRICT_PROTOTYPES = YES;
				CLANG_WARN_SUSPICIOUS_MOVE = YES;
				CLANG_WARN_UNGUARDED_AVAILABILITY = YES_AGGRESSIVE;
				CLANG_WARN_UNREACHABLE_CODE = YES;
				CLANG_WARN__DUPLICATE_METHOD_MATCH = YES;
				COPY_PHASE_STRIP = NO;
				DEBUG_INFORMATION_FORMAT = "dwarf-with-dsym";
				ENABLE_NS_ASSERTIONS = NO;
				ENABLE_STRICT_OBJC_MSGSEND = YES;
				ENABLE_USER_SCRIPT_SANDBOXING = YES;
				GCC_C_LANGUAGE_STANDARD = gnu17;
				GCC_NO_COMMON_BLOCKS = YES;
				GCC_WARN_64_TO_32_BIT_CONVERSION = YES;
				GCC_WARN_ABOUT_RETURN_TYPE = YES_ERROR;
				GCC_WARN_UNDECLARED_SELECTOR = YES;
				GCC_WARN_UNINITIALIZED_AUTOS = YES_AGGRESSIVE;
				GCC_WARN_UNUSED_FUNCTION = YES;
				GCC_WARN_UNUSED_VARIABLE = YES;
				IPHONEOS_DEPLOYMENT_TARGET = 18.2;
				LOCALIZATION_PREFERS_STRING_CATALOGS = YES;
				MTL_ENABLE_DEBUG_INFO = NO;
				MTL_FAST_MATH = YES;
				SDKROOT = iphoneos;
				SWIFT_COMPILATION_MODE = wholemodule;
				VALIDATE_PRODUCT = YES;
			};
			name = Release;
		};
		79A9116B2D60675400A250C5 /* Debug */ = {
			isa = XCBuildConfiguration;
			buildSettings = {
				BUNDLE_LOADER = "$(TEST_HOST)";
				CODE_SIGN_STYLE = Automatic;
				CURRENT_PROJECT_VERSION = 1;
				DEVELOPMENT_TEAM = H4HBJAYTB7;
				GENERATE_INFOPLIST_FILE = YES;
				IPHONEOS_DEPLOYMENT_TARGET = 18.2;
				MARKETING_VERSION = 1.0;
				PRODUCT_BUNDLE_IDENTIFIER = com.HIGHTHONTests;
				PRODUCT_NAME = "$(TARGET_NAME)";
				SWIFT_EMIT_LOC_STRINGS = NO;
				SWIFT_VERSION = 5.0;
				TARGETED_DEVICE_FAMILY = "1,2";
				TEST_HOST = "$(BUILT_PRODUCTS_DIR)/HIGHTHON.app/$(BUNDLE_EXECUTABLE_FOLDER_PATH)/HIGHTHON";
			};
			name = Debug;
		};
		79A9116C2D60675400A250C5 /* Release */ = {
			isa = XCBuildConfiguration;
			buildSettings = {
				BUNDLE_LOADER = "$(TEST_HOST)";
				CODE_SIGN_STYLE = Automatic;
				CURRENT_PROJECT_VERSION = 1;
				DEVELOPMENT_TEAM = H4HBJAYTB7;
				GENERATE_INFOPLIST_FILE = YES;
				IPHONEOS_DEPLOYMENT_TARGET = 18.2;
				MARKETING_VERSION = 1.0;
				PRODUCT_BUNDLE_IDENTIFIER = com.HIGHTHONTests;
				PRODUCT_NAME = "$(TARGET_NAME)";
				SWIFT_EMIT_LOC_STRINGS = NO;
				SWIFT_VERSION = 5.0;
				TARGETED_DEVICE_FAMILY = "1,2";
				TEST_HOST = "$(BUILT_PRODUCTS_DIR)/HIGHTHON.app/$(BUNDLE_EXECUTABLE_FOLDER_PATH)/HIGHTHON";
			};
			name = Release;
		};
		79A9116E2D60675400A250C5 /* Debug */ = {
			isa = XCBuildConfiguration;
			buildSettings = {
				CODE_SIGN_STYLE = Automatic;
				CURRENT_PROJECT_VERSION = 1;
				DEVELOPMENT_TEAM = H4HBJAYTB7;
				GENERATE_INFOPLIST_FILE = YES;
				MARKETING_VERSION = 1.0;
				PRODUCT_BUNDLE_IDENTIFIER = com.HIGHTHONUITests;
				PRODUCT_NAME = "$(TARGET_NAME)";
				SWIFT_EMIT_LOC_STRINGS = NO;
				SWIFT_VERSION = 5.0;
				TARGETED_DEVICE_FAMILY = "1,2";
				TEST_TARGET_NAME = HIGHTHON;
			};
			name = Debug;
		};
		79A9116F2D60675400A250C5 /* Release */ = {
			isa = XCBuildConfiguration;
			buildSettings = {
				CODE_SIGN_STYLE = Automatic;
				CURRENT_PROJECT_VERSION = 1;
				DEVELOPMENT_TEAM = H4HBJAYTB7;
				GENERATE_INFOPLIST_FILE = YES;
				MARKETING_VERSION = 1.0;
				PRODUCT_BUNDLE_IDENTIFIER = com.HIGHTHONUITests;
				PRODUCT_NAME = "$(TARGET_NAME)";
				SWIFT_EMIT_LOC_STRINGS = NO;
				SWIFT_VERSION = 5.0;
				TARGETED_DEVICE_FAMILY = "1,2";
				TEST_TARGET_NAME = HIGHTHON;
			};
			name = Release;
		};
/* End XCBuildConfiguration section */

/* Begin XCConfigurationList section */
		79A911372D60675300A250C5 /* Build configuration list for PBXProject "HIGHTHON" */ = {
			isa = XCConfigurationList;
			buildConfigurations = (
				79A911682D60675400A250C5 /* Debug */,
				79A911692D60675400A250C5 /* Release */,
			);
			defaultConfigurationIsVisible = 0;
			defaultConfigurationName = Release;
		};
		79A911652D60675400A250C5 /* Build configuration list for PBXNativeTarget "HIGHTHON" */ = {
			isa = XCConfigurationList;
			buildConfigurations = (
				79A911662D60675400A250C5 /* Debug */,
				79A911672D60675400A250C5 /* Release */,
			);
			defaultConfigurationIsVisible = 0;
			defaultConfigurationName = Release;
		};
		79A9116A2D60675400A250C5 /* Build configuration list for PBXNativeTarget "HIGHTHONTests" */ = {
			isa = XCConfigurationList;
			buildConfigurations = (
				79A9116B2D60675400A250C5 /* Debug */,
				79A9116C2D60675400A250C5 /* Release */,
			);
			defaultConfigurationIsVisible = 0;
			defaultConfigurationName = Release;
		};
		79A9116D2D60675400A250C5 /* Build configuration list for PBXNativeTarget "HIGHTHONUITests" */ = {
			isa = XCConfigurationList;
			buildConfigurations = (
				79A9116E2D60675400A250C5 /* Debug */,
				79A9116F2D60675400A250C5 /* Release */,
			);
			defaultConfigurationIsVisible = 0;
			defaultConfigurationName = Release;
		};
/* End XCConfigurationList section */
	};
	rootObject = 79A911342D60675300A250C5 /* Project object */;
}
